// !$*UTF8*$!
{
	archiveVersion = 1;
	classes = {
	};
	objectVersion = 46;
	objects = {

/* Begin PBXBuildFile section */
		450BCFC018D4C53400B8FE77 /* background.png in Resources */ = {isa = PBXBuildFile; fileRef = 450BCFBE18D4C53400B8FE77 /* background.png */; };
		450BCFC118D4C53400B8FE77 /* hole.png in Resources */ = {isa = PBXBuildFile; fileRef = 450BCFBF18D4C53400B8FE77 /* hole.png */; };
		4527D46918D4523300B5AA3A /* Cocoa.framework in Frameworks */ = {isa = PBXBuildFile; fileRef = 4527D46818D4523300B5AA3A /* Cocoa.framework */; };
		4527D47318D4523300B5AA3A /* InfoPlist.strings in Resources */ = {isa = PBXBuildFile; fileRef = 4527D47118D4523300B5AA3A /* InfoPlist.strings */; };
		4527D47518D4523300B5AA3A /* main.m in Sources */ = {isa = PBXBuildFile; fileRef = 4527D47418D4523300B5AA3A /* main.m */; };
		4527D47918D4523300B5AA3A /* Credits.rtf in Resources */ = {isa = PBXBuildFile; fileRef = 4527D47718D4523300B5AA3A /* Credits.rtf */; };
		4527D47C18D4523300B5AA3A /* TLDAppDelegate.m in Sources */ = {isa = PBXBuildFile; fileRef = 4527D47B18D4523300B5AA3A /* TLDAppDelegate.m */; };
		4527D47F18D4523300B5AA3A /* MainMenu.xib in Resources */ = {isa = PBXBuildFile; fileRef = 4527D47D18D4523300B5AA3A /* MainMenu.xib */; };
		4527D48118D4523300B5AA3A /* Images.xcassets in Resources */ = {isa = PBXBuildFile; fileRef = 4527D48018D4523300B5AA3A /* Images.xcassets */; };
		4527D49D18D4526F00B5AA3A /* QuartzCore.framework in Frameworks */ = {isa = PBXBuildFile; fileRef = 4527D49C18D4526F00B5AA3A /* QuartzCore.framework */; };
		4527D4A818D4547400B5AA3A /* TLDOpenGLLayer.m in Sources */ = {isa = PBXBuildFile; fileRef = 4527D4A718D4547400B5AA3A /* TLDOpenGLLayer.m */; };
		4527D4AA18D4553600B5AA3A /* OpenGL.framework in Frameworks */ = {isa = PBXBuildFile; fileRef = 4527D4A918D4553600B5AA3A /* OpenGL.framework */; };
		4574D7A118D4A2590014C7BC /* Shader.fsh in Resources */ = {isa = PBXBuildFile; fileRef = 4574D79D18D4A23F0014C7BC /* Shader.fsh */; };
		4574D7A218D4A2590014C7BC /* Shader.vsh in Resources */ = {isa = PBXBuildFile; fileRef = 4574D79E18D4A23F0014C7BC /* Shader.vsh */; };
/* End PBXBuildFile section */

/* Begin PBXFileReference section */
		450BCFBE18D4C53400B8FE77 /* background.png */ = {isa = PBXFileReference; lastKnownFileType = image.png; path = background.png; sourceTree = "<group>"; };
		450BCFBF18D4C53400B8FE77 /* hole.png */ = {isa = PBXFileReference; lastKnownFileType = image.png; path = hole.png; sourceTree = "<group>"; };
		4527D46518D4523300B5AA3A /* OpenGL 2D Drawing Demo.app */ = {isa = PBXFileReference; explicitFileType = wrapper.application; includeInIndex = 0; path = "OpenGL 2D Drawing Demo.app"; sourceTree = BUILT_PRODUCTS_DIR; };
		4527D46818D4523300B5AA3A /* Cocoa.framework */ = {isa = PBXFileReference; lastKnownFileType = wrapper.framework; name = Cocoa.framework; path = System/Library/Frameworks/Cocoa.framework; sourceTree = SDKROOT; };
		4527D46B18D4523300B5AA3A /* AppKit.framework */ = {isa = PBXFileReference; lastKnownFileType = wrapper.framework; name = AppKit.framework; path = System/Library/Frameworks/AppKit.framework; sourceTree = SDKROOT; };
		4527D46C18D4523300B5AA3A /* CoreData.framework */ = {isa = PBXFileReference; lastKnownFileType = wrapper.framework; name = CoreData.framework; path = System/Library/Frameworks/CoreData.framework; sourceTree = SDKROOT; };
		4527D46D18D4523300B5AA3A /* Foundation.framework */ = {isa = PBXFileReference; lastKnownFileType = wrapper.framework; name = Foundation.framework; path = System/Library/Frameworks/Foundation.framework; sourceTree = SDKROOT; };
		4527D47018D4523300B5AA3A /* OpenGL 2D Drawing Demo-Info.plist */ = {isa = PBXFileReference; lastKnownFileType = text.plist.xml; path = "OpenGL 2D Drawing Demo-Info.plist"; sourceTree = "<group>"; };
		4527D47218D4523300B5AA3A /* en */ = {isa = PBXFileReference; lastKnownFileType = text.plist.strings; name = en; path = en.lproj/InfoPlist.strings; sourceTree = "<group>"; };
		4527D47418D4523300B5AA3A /* main.m */ = {isa = PBXFileReference; lastKnownFileType = sourcecode.c.objc; path = main.m; sourceTree = "<group>"; };
		4527D47618D4523300B5AA3A /* OpenGL 2D Drawing Demo-Prefix.pch */ = {isa = PBXFileReference; lastKnownFileType = sourcecode.c.h; path = "OpenGL 2D Drawing Demo-Prefix.pch"; sourceTree = "<group>"; };
		4527D47818D4523300B5AA3A /* en */ = {isa = PBXFileReference; lastKnownFileType = text.rtf; name = en; path = en.lproj/Credits.rtf; sourceTree = "<group>"; };
		4527D47A18D4523300B5AA3A /* TLDAppDelegate.h */ = {isa = PBXFileReference; lastKnownFileType = sourcecode.c.h; path = TLDAppDelegate.h; sourceTree = "<group>"; };
		4527D47B18D4523300B5AA3A /* TLDAppDelegate.m */ = {isa = PBXFileReference; lastKnownFileType = sourcecode.c.objc; path = TLDAppDelegate.m; sourceTree = "<group>"; };
		4527D47E18D4523300B5AA3A /* Base */ = {isa = PBXFileReference; lastKnownFileType = file.xib; name = Base; path = Base.lproj/MainMenu.xib; sourceTree = "<group>"; };
		4527D48018D4523300B5AA3A /* Images.xcassets */ = {isa = PBXFileReference; lastKnownFileType = folder.assetcatalog; path = Images.xcassets; sourceTree = "<group>"; };
		4527D49C18D4526F00B5AA3A /* QuartzCore.framework */ = {isa = PBXFileReference; lastKnownFileType = wrapper.framework; name = QuartzCore.framework; path = System/Library/Frameworks/QuartzCore.framework; sourceTree = SDKROOT; };
		4527D4A518D4541600B5AA3A /* TLDCommon.h */ = {isa = PBXFileReference; fileEncoding = 4; lastKnownFileType = sourcecode.c.h; path = TLDCommon.h; sourceTree = "<group>"; };
		4527D4A618D4547400B5AA3A /* TLDOpenGLLayer.h */ = {isa = PBXFileReference; fileEncoding = 4; lastKnownFileType = sourcecode.c.h; path = TLDOpenGLLayer.h; sourceTree = "<group>"; };
		4527D4A718D4547400B5AA3A /* TLDOpenGLLayer.m */ = {isa = PBXFileReference; fileEncoding = 4; lastKnownFileType = sourcecode.c.objc; path = TLDOpenGLLayer.m; sourceTree = "<group>"; };
		4527D4A918D4553600B5AA3A /* OpenGL.framework */ = {isa = PBXFileReference; lastKnownFileType = wrapper.framework; name = OpenGL.framework; path = System/Library/Frameworks/OpenGL.framework; sourceTree = SDKROOT; };
		4574D79D18D4A23F0014C7BC /* Shader.fsh */ = {isa = PBXFileReference; fileEncoding = 4; lastKnownFileType = sourcecode.glsl; path = Shader.fsh; sourceTree = "<group>"; };
		4574D79E18D4A23F0014C7BC /* Shader.vsh */ = {isa = PBXFileReference; fileEncoding = 4; lastKnownFileType = sourcecode.glsl; path = Shader.vsh; sourceTree = "<group>"; };
		4574D7A318D4A5050014C7BC /* error.h */ = {isa = PBXFileReference; lastKnownFileType = sourcecode.c.h; path = error.h; sourceTree = "<group>"; };
/* End PBXFileReference section */

/* Begin PBXFrameworksBuildPhase section */
		4527D46218D4523300B5AA3A /* Frameworks */ = {
			isa = PBXFrameworksBuildPhase;
			buildActionMask = 2147483647;
			files = (
				4527D4AA18D4553600B5AA3A /* OpenGL.framework in Frameworks */,
				4527D49D18D4526F00B5AA3A /* QuartzCore.framework in Frameworks */,
				4527D46918D4523300B5AA3A /* Cocoa.framework in Frameworks */,
			);
			runOnlyForDeploymentPostprocessing = 0;
		};
/* End PBXFrameworksBuildPhase section */

/* Begin PBXGroup section */
		450BCFBD18D4C53400B8FE77 /* Textures */ = {
			isa = PBXGroup;
			children = (
				450BCFBE18D4C53400B8FE77 /* background.png */,
				450BCFBF18D4C53400B8FE77 /* hole.png */,
			);
			path = Textures;
			sourceTree = "<group>";
		};
		4527D45C18D4523300B5AA3A = {
			isa = PBXGroup;
			children = (
				4527D46E18D4523300B5AA3A /* OpenGL 2D Drawing Demo */,
				4527D46718D4523300B5AA3A /* Frameworks */,
				4527D46618D4523300B5AA3A /* Products */,
			);
			sourceTree = "<group>";
		};
		4527D46618D4523300B5AA3A /* Products */ = {
			isa = PBXGroup;
			children = (
				4527D46518D4523300B5AA3A /* OpenGL 2D Drawing Demo.app */,
			);
			name = Products;
			sourceTree = "<group>";
		};
		4527D46718D4523300B5AA3A /* Frameworks */ = {
			isa = PBXGroup;
			children = (
				4527D4A918D4553600B5AA3A /* OpenGL.framework */,
				4527D49C18D4526F00B5AA3A /* QuartzCore.framework */,
				4527D46818D4523300B5AA3A /* Cocoa.framework */,
				4527D46A18D4523300B5AA3A /* Other Frameworks */,
			);
			name = Frameworks;
			sourceTree = "<group>";
		};
		4527D46A18D4523300B5AA3A /* Other Frameworks */ = {
			isa = PBXGroup;
			children = (
				4527D46B18D4523300B5AA3A /* AppKit.framework */,
				4527D46C18D4523300B5AA3A /* CoreData.framework */,
				4527D46D18D4523300B5AA3A /* Foundation.framework */,
			);
			name = "Other Frameworks";
			sourceTree = "<group>";
		};
		4527D46E18D4523300B5AA3A /* OpenGL 2D Drawing Demo */ = {
			isa = PBXGroup;
			children = (
				4527D47A18D4523300B5AA3A /* TLDAppDelegate.h */,
				4527D47B18D4523300B5AA3A /* TLDAppDelegate.m */,
				4527D47D18D4523300B5AA3A /* MainMenu.xib */,
				4527D48018D4523300B5AA3A /* Images.xcassets */,
				4527D46F18D4523300B5AA3A /* Supporting Files */,
				4574D7A318D4A5050014C7BC /* error.h */,
				4527D4A518D4541600B5AA3A /* TLDCommon.h */,
				4527D4A618D4547400B5AA3A /* TLDOpenGLLayer.h */,
				4527D4A718D4547400B5AA3A /* TLDOpenGLLayer.m */,
			);
			path = "OpenGL 2D Drawing Demo";
			sourceTree = "<group>";
		};
		4527D46F18D4523300B5AA3A /* Supporting Files */ = {
			isa = PBXGroup;
			children = (
				450BCFBD18D4C53400B8FE77 /* Textures */,
				4574D79C18D4A23F0014C7BC /* Shaders */,
				4527D47018D4523300B5AA3A /* OpenGL 2D Drawing Demo-Info.plist */,
				4527D47118D4523300B5AA3A /* InfoPlist.strings */,
				4527D47418D4523300B5AA3A /* main.m */,
				4527D47618D4523300B5AA3A /* OpenGL 2D Drawing Demo-Prefix.pch */,
				4527D47718D4523300B5AA3A /* Credits.rtf */,
			);
			name = "Supporting Files";
			sourceTree = "<group>";
		};
		4574D79C18D4A23F0014C7BC /* Shaders */ = {
			isa = PBXGroup;
			children = (
				4574D79D18D4A23F0014C7BC /* Shader.fsh */,
				4574D79E18D4A23F0014C7BC /* Shader.vsh */,
			);
			name = Shaders;
			path = "OpenGL 2D Drawing Demo/Shaders";
			sourceTree = SOURCE_ROOT;
		};
/* End PBXGroup section */

/* Begin PBXNativeTarget section */
		4527D46418D4523300B5AA3A /* OpenGL 2D Drawing Demo */ = {
			isa = PBXNativeTarget;
			buildConfigurationList = 4527D49618D4523300B5AA3A /* Build configuration list for PBXNativeTarget "OpenGL 2D Drawing Demo" */;
			buildPhases = (
				4527D46118D4523300B5AA3A /* Sources */,
				4527D46218D4523300B5AA3A /* Frameworks */,
				4527D46318D4523300B5AA3A /* Resources */,
			);
			buildRules = (
			);
			dependencies = (
			);
			name = "OpenGL 2D Drawing Demo";
			productName = "OpenGL 2D Drawing Demo";
			productReference = 4527D46518D4523300B5AA3A /* OpenGL 2D Drawing Demo.app */;
			productType = "com.apple.product-type.application";
		};
/* End PBXNativeTarget section */

/* Begin PBXProject section */
		4527D45D18D4523300B5AA3A /* Project object */ = {
			isa = PBXProject;
			attributes = {
				CLASSPREFIX = TLD;
				LastUpgradeCheck = 0510;
				ORGANIZATIONNAME = "Ruben Nine";
			};
			buildConfigurationList = 4527D46018D4523300B5AA3A /* Build configuration list for PBXProject "OpenGL 2D Drawing Demo" */;
			compatibilityVersion = "Xcode 3.2";
			developmentRegion = English;
			hasScannedForEncodings = 0;
			knownRegions = (
				en,
				Base,
			);
			mainGroup = 4527D45C18D4523300B5AA3A;
			productRefGroup = 4527D46618D4523300B5AA3A /* Products */;
			projectDirPath = "";
			projectRoot = "";
			targets = (
				4527D46418D4523300B5AA3A /* OpenGL 2D Drawing Demo */,
			);
		};
/* End PBXProject section */

/* Begin PBXResourcesBuildPhase section */
		4527D46318D4523300B5AA3A /* Resources */ = {
			isa = PBXResourcesBuildPhase;
			buildActionMask = 2147483647;
			files = (
				4574D7A118D4A2590014C7BC /* Shader.fsh in Resources */,
				4574D7A218D4A2590014C7BC /* Shader.vsh in Resources */,
				450BCFC018D4C53400B8FE77 /* background.png in Resources */,
				450BCFC118D4C53400B8FE77 /* hole.png in Resources */,
				4527D47318D4523300B5AA3A /* InfoPlist.strings in Resources */,
				4527D48118D4523300B5AA3A /* Images.xcassets in Resources */,
				4527D47918D4523300B5AA3A /* Credits.rtf in Resources */,
				4527D47F18D4523300B5AA3A /* MainMenu.xib in Resources */,
			);
			runOnlyForDeploymentPostprocessing = 0;
		};
/* End PBXResourcesBuildPhase section */

/* Begin PBXSourcesBuildPhase section */
		4527D46118D4523300B5AA3A /* Sources */ = {
			isa = PBXSourcesBuildPhase;
			buildActionMask = 2147483647;
			files = (
				4527D47518D4523300B5AA3A /* main.m in Sources */,
				4527D47C18D4523300B5AA3A /* TLDAppDelegate.m in Sources */,
				4527D4A818D4547400B5AA3A /* TLDOpenGLLayer.m in Sources */,
			);
			runOnlyForDeploymentPostprocessing = 0;
		};
/* End PBXSourcesBuildPhase section */

/* Begin PBXVariantGroup section */
		4527D47118D4523300B5AA3A /* InfoPlist.strings */ = {
			isa = PBXVariantGroup;
			children = (
				4527D47218D4523300B5AA3A /* en */,
			);
			name = InfoPlist.strings;
			sourceTree = "<group>";
		};
		4527D47718D4523300B5AA3A /* Credits.rtf */ = {
			isa = PBXVariantGroup;
			children = (
				4527D47818D4523300B5AA3A /* en */,
			);
			name = Credits.rtf;
			sourceTree = "<group>";
		};
		4527D47D18D4523300B5AA3A /* MainMenu.xib */ = {
			isa = PBXVariantGroup;
			children = (
				4527D47E18D4523300B5AA3A /* Base */,
			);
			name = MainMenu.xib;
			sourceTree = "<group>";
		};
/* End PBXVariantGroup section */

/* Begin XCBuildConfiguration section */
		4527D49418D4523300B5AA3A /* Debug */ = {
			isa = XCBuildConfiguration;
			buildSettings = {
				ALWAYS_SEARCH_USER_PATHS = NO;
				CLANG_CXX_LANGUAGE_STANDARD = "gnu++0x";
				CLANG_CXX_LIBRARY = "libc++";
				CLANG_ENABLE_MODULES = YES;
				CLANG_ENABLE_OBJC_ARC = YES;
				CLANG_WARN_BOOL_CONVERSION = YES;
				CLANG_WARN_CONSTANT_CONVERSION = YES;
				CLANG_WARN_DIRECT_OBJC_ISA_USAGE = YES_ERROR;
				CLANG_WARN_EMPTY_BODY = YES;
				CLANG_WARN_ENUM_CONVERSION = YES;
				CLANG_WARN_INT_CONVERSION = YES;
				CLANG_WARN_OBJC_ROOT_CLASS = YES_ERROR;
				CLANG_WARN__DUPLICATE_METHOD_MATCH = YES;
				COPY_PHASE_STRIP = NO;
				GCC_C_LANGUAGE_STANDARD = gnu99;
				GCC_DYNAMIC_NO_PIC = NO;
				GCC_ENABLE_OBJC_EXCEPTIONS = YES;
				GCC_OPTIMIZATION_LEVEL = 0;
				GCC_PREPROCESSOR_DEFINITIONS = (
					"DEBUG=1",
					"$(inherited)",
				);
				GCC_SYMBOLS_PRIVATE_EXTERN = NO;
				GCC_WARN_64_TO_32_BIT_CONVERSION = YES;
				GCC_WARN_ABOUT_RETURN_TYPE = YES_ERROR;
				GCC_WARN_UNDECLARED_SELECTOR = YES;
				GCC_WARN_UNINITIALIZED_AUTOS = YES_AGGRESSIVE;
				GCC_WARN_UNUSED_FUNCTION = YES;
				GCC_WARN_UNUSED_VARIABLE = YES;
				MACOSX_DEPLOYMENT_TARGET = 10.9;
				ONLY_ACTIVE_ARCH = YES;
				SDKROOT = macosx;
			};
			name = Debug;
		};
		4527D49518D4523300B5AA3A /* Release */ = {
			isa = XCBuildConfiguration;
			buildSettings = {
				ALWAYS_SEARCH_USER_PATHS = NO;
				CLANG_CXX_LANGUAGE_STANDARD = "gnu++0x";
				CLANG_CXX_LIBRARY = "libc++";
				CLANG_ENABLE_MODULES = YES;
				CLANG_ENABLE_OBJC_ARC = YES;
				CLANG_WARN_BOOL_CONVERSION = YES;
				CLANG_WARN_CONSTANT_CONVERSION = YES;
				CLANG_WARN_DIRECT_OBJC_ISA_USAGE = YES_ERROR;
				CLANG_WARN_EMPTY_BODY = YES;
				CLANG_WARN_ENUM_CONVERSION = YES;
				CLANG_WARN_INT_CONVERSION = YES;
				CLANG_WARN_OBJC_ROOT_CLASS = YES_ERROR;
				CLANG_WARN__DUPLICATE_METHOD_MATCH = YES;
				COPY_PHASE_STRIP = YES;
				DEBUG_INFORMATION_FORMAT = "dwarf-with-dsym";
				ENABLE_NS_ASSERTIONS = NO;
				GCC_C_LANGUAGE_STANDARD = gnu99;
				GCC_ENABLE_OBJC_EXCEPTIONS = YES;
				GCC_WARN_64_TO_32_BIT_CONVERSION = YES;
				GCC_WARN_ABOUT_RETURN_TYPE = YES_ERROR;
				GCC_WARN_UNDECLARED_SELECTOR = YES;
				GCC_WARN_UNINITIALIZED_AUTOS = YES_AGGRESSIVE;
				GCC_WARN_UNUSED_FUNCTION = YES;
				GCC_WARN_UNUSED_VARIABLE = YES;
				MACOSX_DEPLOYMENT_TARGET = 10.9;
				SDKROOT = macosx;
			};
			name = Release;
		};
		4527D49718D4523300B5AA3A /* Debug */ = {
			isa = XCBuildConfiguration;
			buildSettings = {
				ASSETCATALOG_COMPILER_APPICON_NAME = AppIcon;
				COMBINE_HIDPI_IMAGES = YES;
				GCC_PRECOMPILE_PREFIX_HEADER = YES;
				GCC_PREFIX_HEADER = "OpenGL 2D Drawing Demo/OpenGL 2D Drawing Demo-Prefix.pch";
				INFOPLIST_FILE = "OpenGL 2D Drawing Demo/OpenGL 2D Drawing Demo-Info.plist";
				PRODUCT_NAME = "$(TARGET_NAME)";
				WRAPPER_EXTENSION = app;
			};
			name = Debug;
		};
		4527D49818D4523300B5AA3A /* Release */ = {
			isa = XCBuildConfiguration;
			buildSettings = {
				ASSETCATALOG_COMPILER_APPICON_NAME = AppIcon;
				COMBINE_HIDPI_IMAGES = YES;
				GCC_PRECOMPILE_PREFIX_HEADER = YES;
				GCC_PREFIX_HEADER = "OpenGL 2D Drawing Demo/OpenGL 2D Drawing Demo-Prefix.pch";
				INFOPLIST_FILE = "OpenGL 2D Drawing Demo/OpenGL 2D Drawing Demo-Info.plist";
				PRODUCT_NAME = "$(TARGET_NAME)";
				WRAPPER_EXTENSION = app;
			};
			name = Release;
		};
/* End XCBuildConfiguration section */

/* Begin XCConfigurationList section */
		4527D46018D4523300B5AA3A /* Build configuration list for PBXProject "OpenGL 2D Drawing Demo" */ = {
			isa = XCConfigurationList;
			buildConfigurations = (
				4527D49418D4523300B5AA3A /* Debug */,
				4527D49518D4523300B5AA3A /* Release */,
			);
			defaultConfigurationIsVisible = 0;
			defaultConfigurationName = Release;
		};
		4527D49618D4523300B5AA3A /* Build configuration list for PBXNativeTarget "OpenGL 2D Drawing Demo" */ = {
			isa = XCConfigurationList;
			buildConfigurations = (
				4527D49718D4523300B5AA3A /* Debug */,
				4527D49818D4523300B5AA3A /* Release */,
			);
			defaultConfigurationIsVisible = 0;
			defaultConfigurationName = Release;
		};
/* End XCConfigurationList section */
	};
	rootObject = 4527D45D18D4523300B5AA3A /* Project object */;
}
